
Microsoft Visual Studio Solution File, Format Version 12.00
# Visual Studio Version 17
VisualStudioVersion = 17.7.34024.191
MinimumVisualStudioVersion = 10.0.40219.1
Project("{9A19103F-16F7-4668-BE54-9A1E7A4F7556}") = "RedResQ_API", "RedResQ_API\RedResQ_API.csproj", "{01FEAE16-944F-4F6F-BD23-BB724F289CB6}"
EndProject
Project("{9A19103F-16F7-4668-BE54-9A1E7A4F7556}") = "RedResQ_API.Lib", "RedResQ_API.Lib\RedResQ_API.Lib.csproj", "{03345602-42E0-485A-934E-1CCF07CEA186}"
EndProject
Global
	GlobalSection(SolutionConfigurationPlatforms) = preSolution
		Debug|Any CPU = Debug|Any CPU
		Release|Any CPU = Release|Any CPU
	EndGlobalSection
	GlobalSection(ProjectConfigurationPlatforms) = postSolution
		{01FEAE16-944F-4F6F-BD23-BB724F289CB6}.Debug|Any CPU.ActiveCfg = Debug|Any CPU
		{01FEAE16-944F-4F6F-BD23-BB724F289CB6}.Debug|Any CPU.Build.0 = Debug|Any CPU
		{01FEAE16-944F-4F6F-BD23-BB724F289CB6}.Release|Any CPU.ActiveCfg = Release|Any CPU
		{01FEAE16-944F-4F6F-BD23-BB724F289CB6}.Release|Any CPU.Build.0 = Release|Any CPU
		{03345602-42E0-485A-934E-1CCF07CEA186}.Debug|Any CPU.ActiveCfg = Debug|Any CPU
		{03345602-42E0-485A-934E-1CCF07CEA186}.Debug|Any CPU.Build.0 = Debug|Any CPU
		{03345602-42E0-485A-934E-1CCF07CEA186}.Release|Any CPU.ActiveCfg = Release|Any CPU
		{03345602-42E0-485A-934E-1CCF07CEA186}.Release|Any CPU.Build.0 = Release|Any CPU
	EndGlobalSection
	GlobalSection(SolutionProperties) = preSolution
		HideSolutionNode = FALSE
	EndGlobalSection
	GlobalSection(ExtensibilityGlobals) = postSolution
		SolutionGuid = {8D6E4D97-319A-4564-AA76-EBB95554BABC}
	EndGlobalSection
EndGlobal
